
Microsoft Visual Studio Solution File, Format Version 12.00
# Visual Studio 15
VisualStudioVersion = 15.0.28307.168
MinimumVisualStudioVersion = 10.0.40219.1
Project("{9A19103F-16F7-4668-BE54-9A1E7A4F7556}") = "MyFunctionProj", "MyFunctionProj\MyFunctionProj.csproj", "{6504A23F-8EF9-4CF5-AB3E-894DA81141B9}"
EndProject
Global
	GlobalSection(SolutionConfigurationPlatforms) = preSolution
		Debug|Any CPU = Debug|Any CPU
		Release|Any CPU = Release|Any CPU
	EndGlobalSection
	GlobalSection(ProjectConfigurationPlatforms) = postSolution
		{6504A23F-8EF9-4CF5-AB3E-894DA81141B9}.Debug|Any CPU.ActiveCfg = Debug|Any CPU
		{6504A23F-8EF9-4CF5-AB3E-894DA81141B9}.Debug|Any CPU.Build.0 = Debug|Any CPU
		{6504A23F-8EF9-4CF5-AB3E-894DA81141B9}.Release|Any CPU.ActiveCfg = Release|Any CPU
		{6504A23F-8EF9-4CF5-AB3E-894DA81141B9}.Release|Any CPU.Build.0 = Release|Any CPU
	EndGlobalSection
	GlobalSection(SolutionProperties) = preSolution
		HideSolutionNode = FALSE
	EndGlobalSection
	GlobalSection(ExtensibilityGlobals) = postSolution
		SolutionGuid = {0F08B867-3082-4996-A46F-0BC320585B32}
	EndGlobalSection
EndGlobal
